
Microsoft Visual Studio Solution File, Format Version 12.00
# Visual Studio Version 16
VisualStudioVersion = 16.0.28803.352
MinimumVisualStudioVersion = 10.0.40219.1
Project("{9A19103F-16F7-4668-BE54-9A1E7A4F7556}") = "tp7", "tp7\tp7.csproj", "{8015353A-2144-4556-9334-F09070D86A12}"
EndProject
Project("{FAE04EC0-301F-11D3-BF4B-00C04F79EFBC}") = "TareaDeCalculadora", "TareaDeCalculadora\TareaDeCalculadora.csproj", "{23738563-A5C3-46B0-9182-6906741A838E}"
EndProject
Project("{FAE04EC0-301F-11D3-BF4B-00C04F79EFBC}") = "clasesParaCalculadora", "clasesParaCalculadora\clasesParaCalculadora.csproj", "{F73A4653-89D0-4902-B744-8563F2407FAE}"
EndProject
Global
	GlobalSection(SolutionConfigurationPlatforms) = preSolution
		Debug|Any CPU = Debug|Any CPU
		Release|Any CPU = Release|Any CPU
	EndGlobalSection
	GlobalSection(ProjectConfigurationPlatforms) = postSolution
		{8015353A-2144-4556-9334-F09070D86A12}.Debug|Any CPU.ActiveCfg = Debug|Any CPU
		{8015353A-2144-4556-9334-F09070D86A12}.Debug|Any CPU.Build.0 = Debug|Any CPU
		{8015353A-2144-4556-9334-F09070D86A12}.Release|Any CPU.ActiveCfg = Release|Any CPU
		{8015353A-2144-4556-9334-F09070D86A12}.Release|Any CPU.Build.0 = Release|Any CPU
		{23738563-A5C3-46B0-9182-6906741A838E}.Debug|Any CPU.ActiveCfg = Debug|Any CPU
		{23738563-A5C3-46B0-9182-6906741A838E}.Debug|Any CPU.Build.0 = Debug|Any CPU
		{23738563-A5C3-46B0-9182-6906741A838E}.Release|Any CPU.ActiveCfg = Release|Any CPU
		{23738563-A5C3-46B0-9182-6906741A838E}.Release|Any CPU.Build.0 = Release|Any CPU
		{F73A4653-89D0-4902-B744-8563F2407FAE}.Debug|Any CPU.ActiveCfg = Debug|Any CPU
		{F73A4653-89D0-4902-B744-8563F2407FAE}.Debug|Any CPU.Build.0 = Debug|Any CPU
		{F73A4653-89D0-4902-B744-8563F2407FAE}.Release|Any CPU.ActiveCfg = Release|Any CPU
		{F73A4653-89D0-4902-B744-8563F2407FAE}.Release|Any CPU.Build.0 = Release|Any CPU
	EndGlobalSection
	GlobalSection(SolutionProperties) = preSolution
		HideSolutionNode = FALSE
	EndGlobalSection
	GlobalSection(ExtensibilityGlobals) = postSolution
		SolutionGuid = {64C55570-9C3A-4F55-8526-8F708CDBCF27}
	EndGlobalSection
EndGlobal
